
Microsoft Visual Studio Solution File, Format Version 12.00
# Visual Studio Version 16
VisualStudioVersion = 16.0.31613.86
MinimumVisualStudioVersion = 10.0.40219.1
Project("{FAE04EC0-301F-11D3-BF4B-00C04F79EFBC}") = "Project_Threading", "Project_Threading\Project_Threading.csproj", "{43140441-8C16-44F3-8597-71F307267210}"
EndProject
Global
	GlobalSection(SolutionConfigurationPlatforms) = preSolution
		Debug|Any CPU = Debug|Any CPU
		Release|Any CPU = Release|Any CPU
	EndGlobalSection
	GlobalSection(ProjectConfigurationPlatforms) = postSolution
		{43140441-8C16-44F3-8597-71F307267210}.Debug|Any CPU.ActiveCfg = Debug|Any CPU
		{43140441-8C16-44F3-8597-71F307267210}.Debug|Any CPU.Build.0 = Debug|Any CPU
		{43140441-8C16-44F3-8597-71F307267210}.Release|Any CPU.ActiveCfg = Release|Any CPU
		{43140441-8C16-44F3-8597-71F307267210}.Release|Any CPU.Build.0 = Release|Any CPU
	EndGlobalSection
	GlobalSection(SolutionProperties) = preSolution
		HideSolutionNode = FALSE
	EndGlobalSection
	GlobalSection(ExtensibilityGlobals) = postSolution
		SolutionGuid = {169F0F36-8C0E-44ED-8FA8-3785961DA146}
	EndGlobalSection
EndGlobal
